{
  "nodes": {
    "flake-utils": {
      "locked": {
        "lastModified": 1638122382,
        "narHash": "sha256-sQzZzAbvKEqN9s0bzWuYmRaA03v40gaJ4+iL1LXjaeI=",
        "owner": "numtide",
        "repo": "flake-utils",
        "rev": "74f7e4319258e287b0f9cb95426c9853b282730b",
        "type": "github"
      },
      "original": {
        "owner": "numtide",
        "repo": "flake-utils",
        "type": "github"
      }
    },
    "nixos-cn": {
      "inputs": {
        "flake-utils": "flake-utils",
        "nixpkgs": [
          "nixpkgs"
        ]
      },
      "locked": {
        "lastModified": 1663469495,
        "narHash": "sha256-AC0S9QDLftxOdq0gBd47ruV5Up9xRzMjvvb7LORuoG8=",
        "owner": "nixos-cn",
        "repo": "flakes",
        "rev": "6c706dfebb0c802e4cbbbfdac61c865647a4b431",
        "type": "github"
      },
      "original": {
        "owner": "nixos-cn",
        "repo": "flakes",
        "type": "github"
      }
    },
    "nixpkgs": {
      "locked": {
        "lastModified": 1663357389,
        "narHash": "sha256-oYA2nVRSi6yhCBqS5Vz465Hw+3BQOVFEhfbfy//3vTs=",
        "owner": "NixOS",
        "repo": "nixpkgs",
        "rev": "da6a05816e7fa5226c3f61e285ef8d9dfc868f3c",
        "type": "github"
      },
      "original": {
        "owner": "NixOS",
        "ref": "nixos-unstable",
        "repo": "nixpkgs",
        "type": "github"
      }
    },
    "nur": {
      "locked": {
        "lastModified": 1663538439,
        "narHash": "sha256-4+Ktf5QmW0OYBjFqrHwSEbGGFTDGY7yz/sEaUdrUjGE=",
        "owner": "nix-community",
        "repo": "NUR",
        "rev": "c1a12b4767683572ee1f97f8dffdf14c2b04b42f",
        "type": "github"
      },
      "original": {
        "owner": "nix-community",
        "repo": "NUR",
        "type": "github"
      }
    },
    "root": {
      "inputs": {
        "nixos-cn": "nixos-cn",
        "nixpkgs": "nixpkgs",
        "nur": "nur"
      }
    }
  },
  "root": "root",
  "version": 7
}
