{
  "nodes": {
    "home-manager": {
      "inputs": {
        "nixpkgs": [
          "nixpkgs"
        ]
      },
      "locked": {
        "lastModified": 1714900398,
        "narHash": "sha256-H7XYHpjk1G6dkA3AnbYrKtaTFjcCE7ul6nUVlVQxtsA=",
        "owner": "nix-community",
        "repo": "home-manager",
        "rev": "fdaaf543bad047639ef0b356ea2e6caec2f1215c",
        "type": "github"
      },
      "original": {
        "owner": "nix-community",
        "repo": "home-manager",
        "type": "github"
      }
    },
    "nixpkgs": {
      "locked": {
        "lastModified": 1714763106,
        "narHash": "sha256-DrDHo74uTycfpAF+/qxZAMlP/Cpe04BVioJb6fdI0YY=",
        "owner": "NixOS",
        "repo": "nixpkgs",
        "rev": "e9be42459999a253a9f92559b1f5b72e1b44c13d",
        "type": "github"
      },
      "original": {
        "owner": "NixOS",
        "ref": "nixos-unstable",
        "repo": "nixpkgs",
        "type": "github"
      }
    },
    "nixpkgs-stable": {
      "locked": {
        "lastModified": 1714971268,
        "narHash": "sha256-IKwMSwHj9+ec660l+I4tki/1NRoeGpyA2GdtdYpAgEw=",
        "owner": "nixos",
        "repo": "nixpkgs",
        "rev": "27c13997bf450a01219899f5a83bd6ffbfc70d3c",
        "type": "github"
      },
      "original": {
        "owner": "nixos",
        "ref": "nixos-23.11",
        "repo": "nixpkgs",
        "type": "github"
      }
    },
    "nur": {
      "locked": {
        "lastModified": 1714995911,
        "narHash": "sha256-/07Of15sLNJ3ejYZfkRVP/XHWbhOzrddi3JTSX1mFXc=",
        "owner": "nix-community",
        "repo": "NUR",
        "rev": "5519e04cd8be15565b5ca119c28c60535f5d11ca",
        "type": "github"
      },
      "original": {
        "owner": "nix-community",
        "repo": "NUR",
        "type": "github"
      }
    },
    "root": {
      "inputs": {
        "home-manager": "home-manager",
        "nixpkgs": "nixpkgs",
        "nixpkgs-stable": "nixpkgs-stable",
        "nur": "nur"
      }
    }
  },
  "root": "root",
  "version": 7
}
